
Microsoft Visual Studio Solution File, Format Version 12.00
# Visual Studio Version 17
VisualStudioVersion = 17.0.31903.59
MinimumVisualStudioVersion = 10.0.40219.1
Project("{9A19103F-16F7-4668-BE54-9A1E7A4F7556}") = "TestProject1", "TestProject1\TestProject1.csproj", "{26AA6A8B-DC77-433B-8A31-EEBFB7E947DA}"
EndProject
Project("{9A19103F-16F7-4668-BE54-9A1E7A4F7556}") = "TestProject2", "TestProject2\TestProject2.csproj", "{3BE4BEA0-6FA7-4B4B-979D-396EA824D886}"
EndProject
Project("{FAE04EC0-301F-11D3-BF4B-00C04F79EFBC}") = "TestProject3", "TestProject3\TestProject3.csproj", "{723E0E68-852F-4061-BFAE-F9E9E0D612EA}"
EndProject
Project("{FAE04EC0-301F-11D3-BF4B-00C04F79EFBC}") = "PrimeLibrary", "PrimeLibrary\PrimeLibrary.csproj", "{73895793-34E1-4B13-843B-F0BDA83A86C6}"
EndProject
Global
	GlobalSection(SolutionConfigurationPlatforms) = preSolution
		Debug|Any CPU = Debug|Any CPU
		Release|Any CPU = Release|Any CPU
	EndGlobalSection
	GlobalSection(ProjectConfigurationPlatforms) = postSolution
		{26AA6A8B-DC77-433B-8A31-EEBFB7E947DA}.Debug|Any CPU.ActiveCfg = Debug|Any CPU
		{26AA6A8B-DC77-433B-8A31-EEBFB7E947DA}.Debug|Any CPU.Build.0 = Debug|Any CPU
		{26AA6A8B-DC77-433B-8A31-EEBFB7E947DA}.Release|Any CPU.ActiveCfg = Release|Any CPU
		{26AA6A8B-DC77-433B-8A31-EEBFB7E947DA}.Release|Any CPU.Build.0 = Release|Any CPU
		{3BE4BEA0-6FA7-4B4B-979D-396EA824D886}.Debug|Any CPU.ActiveCfg = Debug|Any CPU
		{3BE4BEA0-6FA7-4B4B-979D-396EA824D886}.Debug|Any CPU.Build.0 = Debug|Any CPU
		{3BE4BEA0-6FA7-4B4B-979D-396EA824D886}.Release|Any CPU.ActiveCfg = Release|Any CPU
		{3BE4BEA0-6FA7-4B4B-979D-396EA824D886}.Release|Any CPU.Build.0 = Release|Any CPU
		{723E0E68-852F-4061-BFAE-F9E9E0D612EA}.Debug|Any CPU.ActiveCfg = Debug|Any CPU
		{723E0E68-852F-4061-BFAE-F9E9E0D612EA}.Debug|Any CPU.Build.0 = Debug|Any CPU
		{723E0E68-852F-4061-BFAE-F9E9E0D612EA}.Release|Any CPU.ActiveCfg = Release|Any CPU
		{723E0E68-852F-4061-BFAE-F9E9E0D612EA}.Release|Any CPU.Build.0 = Release|Any CPU
		{73895793-34E1-4B13-843B-F0BDA83A86C6}.Debug|Any CPU.ActiveCfg = Debug|Any CPU
		{73895793-34E1-4B13-843B-F0BDA83A86C6}.Debug|Any CPU.Build.0 = Debug|Any CPU
		{73895793-34E1-4B13-843B-F0BDA83A86C6}.Release|Any CPU.ActiveCfg = Release|Any CPU
		{73895793-34E1-4B13-843B-F0BDA83A86C6}.Release|Any CPU.Build.0 = Release|Any CPU
	EndGlobalSection
	GlobalSection(SolutionProperties) = preSolution
		HideSolutionNode = FALSE
	EndGlobalSection
EndGlobal
